{
  "version": 4,
  "terraform_version": "1.13.5",
  "serial": 33,
  "lineage": "a82995ab-08d2-daa7-b502-575170fa4e97",
  "outputs": {},
  "resources": [
    {
      "mode": "managed",
      "type": "azurerm_app_service_virtual_network_swift_connection",
      "name": "app_vnet_integration",
      "provider": "provider[\"registry.terraform.io/hashicorp/azurerm\"]",
      "instances": [
        {
          "schema_version": 0,
          "attributes": {
            "app_service_id": "/subscriptions/49b9ff2a-051e-43f3-8aea-1cb023d131c8/resourceGroups/rg-clco-demo-group-3/providers/Microsoft.Web/sites/app-clco-demo-group-3",
            "id": "/subscriptions/49b9ff2a-051e-43f3-8aea-1cb023d131c8/resourceGroups/rg-clco-demo-group-3/providers/Microsoft.Web/sites/app-clco-demo-group-3/config/virtualNetwork",
            "subnet_id": "/subscriptions/49b9ff2a-051e-43f3-8aea-1cb023d131c8/resourceGroups/rg-clco-demo-group-3/providers/Microsoft.Network/virtualNetworks/vn-clco-demo-group-3/subnets/sn-clco-demo-group-3-web",
            "timeouts": null
          },
          "sensitive_attributes": [],
          "identity_schema_version": 0,
          "private": "eyJlMmJmYjczMC1lY2FhLTExZTYtOGY4OC0zNDM2M2JjN2M0YzAiOnsiY3JlYXRlIjoxODAwMDAwMDAwMDAwLCJkZWxldGUiOjE4MDAwMDAwMDAwMDAsInJlYWQiOjMwMDAwMDAwMDAwMCwidXBkYXRlIjoxODAwMDAwMDAwMDAwfX0=",
          "dependencies": [
            "azurerm_cognitive_account.ca",
            "azurerm_linux_web_app.app",
            "azurerm_resource_group.rg",
            "azurerm_service_plan.asp",
            "azurerm_subnet.websn",
            "azurerm_virtual_network.vn"
          ]
        }
      ]
    },
    {
      "mode": "managed",
      "type": "azurerm_cognitive_account",
      "name": "ca",
      "provider": "provider[\"registry.terraform.io/hashicorp/azurerm\"]",
      "instances": [
        {
          "schema_version": 0,
          "attributes": {
            "custom_question_answering_search_service_id": "",
            "custom_question_answering_search_service_key": null,
            "custom_subdomain_name": "ca-clco-demo-group-3-subdomain",
            "customer_managed_key": [],
            "dynamic_throttling_enabled": false,
            "endpoint": "https://ca-clco-demo-group-3-subdomain.cognitiveservices.azure.com/",
            "fqdns": [],
            "id": "/subscriptions/49b9ff2a-051e-43f3-8aea-1cb023d131c8/resourceGroups/rg-clco-demo-group-3/providers/Microsoft.CognitiveServices/accounts/ca-clco-demo-group-3",
            "identity": [],
            "kind": "TextAnalytics",
            "local_auth_enabled": true,
            "location": "norwayeast",
            "metrics_advisor_aad_client_id": "",
            "metrics_advisor_aad_tenant_id": "",
            "metrics_advisor_super_user_name": "",
            "metrics_advisor_website_name": "",
            "name": "ca-clco-demo-group-3",
            "network_acls": [
              {
                "default_action": "Allow",
                "ip_rules": [],
                "virtual_network_rules": []
              }
            ],
            "outbound_network_access_restricted": false,
            "primary_access_key": "6de67525c5b44f80a3e9cd1595b680d5",
            "public_network_access_enabled": true,
            "qna_runtime_endpoint": "",
            "resource_group_name": "rg-clco-demo-group-3",
            "secondary_access_key": "e09b0d363b694679a8b6c5947bbad3d4",
            "sku_name": "S",
            "storage": [],
            "tags": {
              "Acceptance": "Test"
            },
            "timeouts": null
          },
          "sensitive_attributes": [
            [
              {
                "type": "get_attr",
                "value": "custom_question_answering_search_service_key"
              }
            ],
            [
              {
                "type": "get_attr",
                "value": "primary_access_key"
              }
            ],
            [
              {
                "type": "get_attr",
                "value": "secondary_access_key"
              }
            ]
          ],
          "identity_schema_version": 0,
          "private": "eyJlMmJmYjczMC1lY2FhLTExZTYtOGY4OC0zNDM2M2JjN2M0YzAiOnsiY3JlYXRlIjoxODAwMDAwMDAwMDAwLCJkZWxldGUiOjE4MDAwMDAwMDAwMDAsInJlYWQiOjMwMDAwMDAwMDAwMCwidXBkYXRlIjoxODAwMDAwMDAwMDAwfX0=",
          "dependencies": [
            "azurerm_resource_group.rg",
            "azurerm_service_plan.asp"
          ]
        }
      ]
    },
    {
      "mode": "managed",
      "type": "azurerm_linux_web_app",
      "name": "app",
      "provider": "provider[\"registry.terraform.io/hashicorp/azurerm\"]",
      "instances": [
        {
          "schema_version": 1,
          "attributes": {
            "app_settings": {
              "AZ_ENDPOINT": "https://ca-clco-demo-group-3-subdomain.cognitiveservices.azure.com/",
              "AZ_KEY": "6de67525c5b44f80a3e9cd1595b680d5"
            },
            "auth_settings": [],
            "auth_settings_v2": [],
            "backup": [],
            "client_affinity_enabled": false,
            "client_certificate_enabled": false,
            "client_certificate_exclusion_paths": "",
            "client_certificate_mode": "Required",
            "connection_string": [],
            "custom_domain_verification_id": "7A0AA511ABF2F944B65E7F7D2F5AB5E5796DBC2E137D44E34CB551E52D4E464D",
            "default_hostname": "app-clco-demo-group-3.azurewebsites.net",
            "enabled": true,
            "ftp_publish_basic_authentication_enabled": true,
            "hosting_environment_id": "",
            "https_only": true,
            "id": "/subscriptions/49b9ff2a-051e-43f3-8aea-1cb023d131c8/resourceGroups/rg-clco-demo-group-3/providers/Microsoft.Web/sites/app-clco-demo-group-3",
            "identity": [],
            "key_vault_reference_identity_id": "SystemAssigned",
            "kind": "app,linux",
            "location": "norwayeast",
            "logs": [],
            "name": "app-clco-demo-group-3",
            "outbound_ip_address_list": [
              "20.100.38.31",
              "20.100.38.48",
              "20.100.38.90",
              "20.100.38.131",
              "20.100.38.209",
              "20.100.38.218",
              "20.100.136.167",
              "20.100.140.7",
              "20.100.136.2",
              "20.100.140.30",
              "20.100.140.59",
              "20.100.140.116",
              "20.100.3.4"
            ],
            "outbound_ip_addresses": "20.100.38.31,20.100.38.48,20.100.38.90,20.100.38.131,20.100.38.209,20.100.38.218,20.100.136.167,20.100.140.7,20.100.136.2,20.100.140.30,20.100.140.59,20.100.140.116,20.100.3.4",
            "possible_outbound_ip_address_list": [
              "20.100.38.31",
              "20.100.38.48",
              "20.100.38.90",
              "20.100.38.131",
              "20.100.38.209",
              "20.100.38.218",
              "20.100.136.167",
              "20.100.140.7",
              "20.100.136.2",
              "20.100.140.30",
              "20.100.140.59",
              "20.100.140.116",
              "20.100.136.115",
              "20.100.140.140",
              "20.100.140.143",
              "51.13.20.130",
              "20.100.140.164",
              "20.100.140.205",
              "20.100.36.170",
              "20.100.37.50",
              "20.100.37.91",
              "20.100.37.152",
              "20.100.37.194",
              "20.100.38.12",
              "20.100.38.238",
              "20.100.39.0",
              "20.100.39.5",
              "20.100.39.55",
              "20.100.39.109",
              "20.100.39.131",
              "20.100.3.4"
            ],
            "possible_outbound_ip_addresses": "20.100.38.31,20.100.38.48,20.100.38.90,20.100.38.131,20.100.38.209,20.100.38.218,20.100.136.167,20.100.140.7,20.100.136.2,20.100.140.30,20.100.140.59,20.100.140.116,20.100.136.115,20.100.140.140,20.100.140.143,51.13.20.130,20.100.140.164,20.100.140.205,20.100.36.170,20.100.37.50,20.100.37.91,20.100.37.152,20.100.37.194,20.100.38.12,20.100.38.238,20.100.39.0,20.100.39.5,20.100.39.55,20.100.39.109,20.100.39.131,20.100.3.4",
            "public_network_access_enabled": true,
            "resource_group_name": "rg-clco-demo-group-3",
            "service_plan_id": "/subscriptions/49b9ff2a-051e-43f3-8aea-1cb023d131c8/resourceGroups/rg-clco-demo-group-3/providers/Microsoft.Web/serverFarms/asp-clco-demo-group-3",
            "site_config": [
              {
                "always_on": true,
                "api_definition_url": "",
                "api_management_api_id": "",
                "app_command_line": "",
                "application_stack": [
                  {
                    "docker_image": "",
                    "docker_image_name": "",
                    "docker_image_tag": "",
                    "docker_registry_password": "",
                    "docker_registry_url": "",
                    "docker_registry_username": "",
                    "dotnet_version": "",
                    "go_version": "",
                    "java_server": "",
                    "java_server_version": "",
                    "java_version": "",
                    "node_version": "",
                    "php_version": "",
                    "python_version": "3.11",
                    "ruby_version": ""
                  }
                ],
                "auto_heal_enabled": false,
                "auto_heal_setting": [],
                "container_registry_managed_identity_client_id": "",
                "container_registry_use_managed_identity": false,
                "cors": [],
                "default_documents": [
                  "Default.htm",
                  "Default.html",
                  "Default.asp",
                  "index.htm",
                  "index.html",
                  "iisstart.htm",
                  "default.aspx",
                  "index.php",
                  "hostingstart.html"
                ],
                "detailed_error_logging_enabled": false,
                "ftps_state": "Disabled",
                "health_check_eviction_time_in_min": 0,
                "health_check_path": "",
                "http2_enabled": false,
                "ip_restriction": [],
                "ip_restriction_default_action": "Allow",
                "linux_fx_version": "PYTHON|3.11",
                "load_balancing_mode": "LeastRequests",
                "local_mysql_enabled": false,
                "managed_pipeline_mode": "Integrated",
                "minimum_tls_version": "1.2",
                "remote_debugging_enabled": false,
                "remote_debugging_version": "VS2022",
                "scm_ip_restriction": [],
                "scm_ip_restriction_default_action": "Allow",
                "scm_minimum_tls_version": "1.2",
                "scm_type": "GitHubAction",
                "scm_use_main_ip_restriction": false,
                "use_32_bit_worker": true,
                "vnet_route_all_enabled": false,
                "websockets_enabled": false,
                "worker_count": 1
              }
            ],
            "site_credential": [
              {
                "name": "$app-clco-demo-group-3",
                "password": "8Bf6agETvxFd5uHaZsrJPxPyQekt9zqa1fTqEg2Xw9F1kDDrKrwSgtcFKwbW"
              }
            ],
            "sticky_settings": [],
            "storage_account": [],
            "tags": {},
            "timeouts": null,
            "virtual_network_subnet_id": "",
            "webdeploy_publish_basic_authentication_enabled": true,
            "zip_deploy_file": ""
          },
          "sensitive_attributes": [
            [
              {
                "type": "get_attr",
                "value": "app_settings"
              },
              {
                "type": "index",
                "value": {
                  "value": "AZ_KEY",
                  "type": "string"
                }
              }
            ],
            [
              {
                "type": "get_attr",
                "value": "custom_domain_verification_id"
              }
            ],
            [
              {
                "type": "get_attr",
                "value": "site_config"
              },
              {
                "type": "index",
                "value": {
                  "value": 0,
                  "type": "number"
                }
              },
              {
                "type": "get_attr",
                "value": "application_stack"
              },
              {
                "type": "index",
                "value": {
                  "value": 0,
                  "type": "number"
                }
              },
              {
                "type": "get_attr",
                "value": "docker_registry_password"
              }
            ],
            [
              {
                "type": "get_attr",
                "value": "site_credential"
              }
            ]
          ],
          "identity_schema_version": 0,
          "private": "eyJlMmJmYjczMC1lY2FhLTExZTYtOGY4OC0zNDM2M2JjN2M0YzAiOnsiY3JlYXRlIjoxODAwMDAwMDAwMDAwLCJkZWxldGUiOjE4MDAwMDAwMDAwMDAsInJlYWQiOjMwMDAwMDAwMDAwMCwidXBkYXRlIjoxODAwMDAwMDAwMDAwfSwic2NoZW1hX3ZlcnNpb24iOiIxIn0=",
          "dependencies": [
            "azurerm_cognitive_account.ca",
            "azurerm_resource_group.rg",
            "azurerm_service_plan.asp"
          ]
        }
      ]
    },
    {
      "mode": "managed",
      "type": "azurerm_private_dns_zone",
      "name": "dns",
      "provider": "provider[\"registry.terraform.io/hashicorp/azurerm\"]",
      "instances": [
        {
          "schema_version": 0,
          "attributes": {
            "id": "/subscriptions/49b9ff2a-051e-43f3-8aea-1cb023d131c8/resourceGroups/rg-clco-demo-group-3/providers/Microsoft.Network/privateDnsZones/privatelink.cognitiveservices.azure.com",
            "max_number_of_record_sets": 25000,
            "max_number_of_virtual_network_links": 1000,
            "max_number_of_virtual_network_links_with_registration": 100,
            "name": "privatelink.cognitiveservices.azure.com",
            "number_of_record_sets": 2,
            "resource_group_name": "rg-clco-demo-group-3",
            "soa_record": [
              {
                "email": "azureprivatedns-host.microsoft.com",
                "expire_time": 2419200,
                "fqdn": "privatelink.cognitiveservices.azure.com.",
                "host_name": "azureprivatedns.net",
                "minimum_ttl": 10,
                "refresh_time": 3600,
                "retry_time": 300,
                "serial_number": 1,
                "tags": {},
                "ttl": 3600
              }
            ],
            "tags": {},
            "timeouts": null
          },
          "sensitive_attributes": [],
          "identity_schema_version": 0,
          "private": "eyJlMmJmYjczMC1lY2FhLTExZTYtOGY4OC0zNDM2M2JjN2M0YzAiOnsiY3JlYXRlIjoxODAwMDAwMDAwMDAwLCJkZWxldGUiOjE4MDAwMDAwMDAwMDAsInJlYWQiOjMwMDAwMDAwMDAwMCwidXBkYXRlIjoxODAwMDAwMDAwMDAwfX0=",
          "dependencies": [
            "azurerm_resource_group.rg"
          ]
        }
      ]
    },
    {
      "mode": "managed",
      "type": "azurerm_private_dns_zone_virtual_network_link",
      "name": "vslink",
      "provider": "provider[\"registry.terraform.io/hashicorp/azurerm\"]",
      "instances": [
        {
          "schema_version": 0,
          "attributes": {
            "id": "/subscriptions/49b9ff2a-051e-43f3-8aea-1cb023d131c8/resourceGroups/rg-clco-demo-group-3/providers/Microsoft.Network/privateDnsZones/privatelink.cognitiveservices.azure.com/virtualNetworkLinks/vn-link-clco-demo-group-3",
            "name": "vn-link-clco-demo-group-3",
            "private_dns_zone_name": "privatelink.cognitiveservices.azure.com",
            "registration_enabled": false,
            "resource_group_name": "rg-clco-demo-group-3",
            "tags": {},
            "timeouts": null,
            "virtual_network_id": "/subscriptions/49b9ff2a-051e-43f3-8aea-1cb023d131c8/resourceGroups/rg-clco-demo-group-3/providers/Microsoft.Network/virtualNetworks/vn-clco-demo-group-3"
          },
          "sensitive_attributes": [],
          "identity_schema_version": 0,
          "private": "eyJlMmJmYjczMC1lY2FhLTExZTYtOGY4OC0zNDM2M2JjN2M0YzAiOnsiY3JlYXRlIjoxODAwMDAwMDAwMDAwLCJkZWxldGUiOjE4MDAwMDAwMDAwMDAsInJlYWQiOjMwMDAwMDAwMDAwMCwidXBkYXRlIjoxODAwMDAwMDAwMDAwfX0=",
          "dependencies": [
            "azurerm_private_dns_zone.dns",
            "azurerm_resource_group.rg",
            "azurerm_service_plan.asp",
            "azurerm_virtual_network.vn"
          ]
        }
      ]
    },
    {
      "mode": "managed",
      "type": "azurerm_private_endpoint",
      "name": "ca_pe",
      "provider": "provider[\"registry.terraform.io/hashicorp/azurerm\"]",
      "instances": [
        {
          "schema_version": 0,
          "attributes": {
            "custom_dns_configs": [],
            "custom_network_interface_name": "",
            "id": "/subscriptions/49b9ff2a-051e-43f3-8aea-1cb023d131c8/resourceGroups/rg-clco-demo-group-3/providers/Microsoft.Network/privateEndpoints/ca-clco-demo-group-3-pe",
            "ip_configuration": [],
            "location": "norwayeast",
            "name": "ca-clco-demo-group-3-pe",
            "network_interface": [
              {
                "id": "/subscriptions/49b9ff2a-051e-43f3-8aea-1cb023d131c8/resourceGroups/rg-clco-demo-group-3/providers/Microsoft.Network/networkInterfaces/ca-clco-demo-group-3-pe.nic.1a5c30ac-df32-477d-a8d0-b11c1fd2c732",
                "name": "ca-clco-demo-group-3-pe.nic.1a5c30ac-df32-477d-a8d0-b11c1fd2c732"
              }
            ],
            "private_dns_zone_configs": [
              {
                "id": "/subscriptions/49b9ff2a-051e-43f3-8aea-1cb023d131c8/resourceGroups/rg-clco-demo-group-3/providers/Microsoft.Network/privateEndpoints/ca-clco-demo-group-3-pe/privateDnsZoneGroups/ca-clco-demo-group-3-dns-group/privateDnsZoneConfigs/privatelink.cognitiveservices.azure.com",
                "name": "privatelink.cognitiveservices.azure.com",
                "private_dns_zone_id": "/subscriptions/49b9ff2a-051e-43f3-8aea-1cb023d131c8/resourceGroups/rg-clco-demo-group-3/providers/Microsoft.Network/privateDnsZones/privatelink.cognitiveservices.azure.com",
                "record_sets": [
                  {
                    "fqdn": "ca-clco-demo-group-3-subdomain.privatelink.cognitiveservices.azure.com",
                    "ip_addresses": [
                      "10.0.2.4"
                    ],
                    "name": "ca-clco-demo-group-3-subdomain",
                    "ttl": 10,
                    "type": "A"
                  }
                ]
              }
            ],
            "private_dns_zone_group": [
              {
                "id": "/subscriptions/49b9ff2a-051e-43f3-8aea-1cb023d131c8/resourceGroups/rg-clco-demo-group-3/providers/Microsoft.Network/privateEndpoints/ca-clco-demo-group-3-pe/privateDnsZoneGroups/ca-clco-demo-group-3-dns-group",
                "name": "ca-clco-demo-group-3-dns-group",
                "private_dns_zone_ids": [
                  "/subscriptions/49b9ff2a-051e-43f3-8aea-1cb023d131c8/resourceGroups/rg-clco-demo-group-3/providers/Microsoft.Network/privateDnsZones/privatelink.cognitiveservices.azure.com"
                ]
              }
            ],
            "private_service_connection": [
              {
                "is_manual_connection": false,
                "name": "ca-clco-demo-group-3-psc",
                "private_connection_resource_alias": "",
                "private_connection_resource_id": "/subscriptions/49b9ff2a-051e-43f3-8aea-1cb023d131c8/resourceGroups/rg-clco-demo-group-3/providers/Microsoft.CognitiveServices/accounts/ca-clco-demo-group-3",
                "private_ip_address": "10.0.2.4",
                "request_message": "",
                "subresource_names": [
                  "account"
                ]
              }
            ],
            "resource_group_name": "rg-clco-demo-group-3",
            "subnet_id": "/subscriptions/49b9ff2a-051e-43f3-8aea-1cb023d131c8/resourceGroups/rg-clco-demo-group-3/providers/Microsoft.Network/virtualNetworks/vn-clco-demo-group-3/subnets/sn-clco-demo-group-3-ai",
            "tags": {},
            "timeouts": null
          },
          "sensitive_attributes": [],
          "identity_schema_version": 0,
          "private": "eyJlMmJmYjczMC1lY2FhLTExZTYtOGY4OC0zNDM2M2JjN2M0YzAiOnsiY3JlYXRlIjozNjAwMDAwMDAwMDAwLCJkZWxldGUiOjM2MDAwMDAwMDAwMDAsInJlYWQiOjMwMDAwMDAwMDAwMCwidXBkYXRlIjozNjAwMDAwMDAwMDAwfX0=",
          "dependencies": [
            "azurerm_cognitive_account.ca",
            "azurerm_private_dns_zone.dns",
            "azurerm_resource_group.rg",
            "azurerm_service_plan.asp",
            "azurerm_subnet.aisn",
            "azurerm_virtual_network.vn"
          ]
        }
      ]
    },
    {
      "mode": "managed",
      "type": "azurerm_resource_group",
      "name": "rg",
      "provider": "provider[\"registry.terraform.io/hashicorp/azurerm\"]",
      "instances": [
        {
          "schema_version": 0,
          "attributes": {
            "id": "/subscriptions/49b9ff2a-051e-43f3-8aea-1cb023d131c8/resourceGroups/rg-clco-demo-group-3",
            "location": "norwayeast",
            "managed_by": "",
            "name": "rg-clco-demo-group-3",
            "tags": {},
            "timeouts": null
          },
          "sensitive_attributes": [],
          "identity_schema_version": 0,
          "private": "eyJlMmJmYjczMC1lY2FhLTExZTYtOGY4OC0zNDM2M2JjN2M0YzAiOnsiY3JlYXRlIjo1NDAwMDAwMDAwMDAwLCJkZWxldGUiOjU0MDAwMDAwMDAwMDAsInJlYWQiOjMwMDAwMDAwMDAwMCwidXBkYXRlIjo1NDAwMDAwMDAwMDAwfX0="
        }
      ]
    },
    {
      "mode": "managed",
      "type": "azurerm_service_plan",
      "name": "asp",
      "provider": "provider[\"registry.terraform.io/hashicorp/azurerm\"]",
      "instances": [
        {
          "schema_version": 1,
          "attributes": {
            "app_service_environment_id": "",
            "id": "/subscriptions/49b9ff2a-051e-43f3-8aea-1cb023d131c8/resourceGroups/rg-clco-demo-group-3/providers/Microsoft.Web/serverFarms/asp-clco-demo-group-3",
            "kind": "linux",
            "location": "norwayeast",
            "maximum_elastic_worker_count": 1,
            "name": "asp-clco-demo-group-3",
            "os_type": "Linux",
            "per_site_scaling_enabled": false,
            "reserved": true,
            "resource_group_name": "rg-clco-demo-group-3",
            "sku_name": "B1",
            "tags": {},
            "timeouts": null,
            "worker_count": 1,
            "zone_balancing_enabled": false
          },
          "sensitive_attributes": [],
          "identity_schema_version": 0,
          "private": "eyJlMmJmYjczMC1lY2FhLTExZTYtOGY4OC0zNDM2M2JjN2M0YzAiOnsiY3JlYXRlIjozNjAwMDAwMDAwMDAwLCJkZWxldGUiOjM2MDAwMDAwMDAwMDAsInJlYWQiOjMwMDAwMDAwMDAwMCwidXBkYXRlIjozNjAwMDAwMDAwMDAwfSwic2NoZW1hX3ZlcnNpb24iOiIxIn0=",
          "dependencies": [
            "azurerm_resource_group.rg"
          ]
        }
      ]
    },
    {
      "mode": "managed",
      "type": "azurerm_subnet",
      "name": "aisn",
      "provider": "provider[\"registry.terraform.io/hashicorp/azurerm\"]",
      "instances": [
        {
          "schema_version": 0,
          "attributes": {
            "address_prefixes": [
              "10.0.2.0/24"
            ],
            "default_outbound_access_enabled": true,
            "delegation": [],
            "enforce_private_link_endpoint_network_policies": false,
            "enforce_private_link_service_network_policies": false,
            "id": "/subscriptions/49b9ff2a-051e-43f3-8aea-1cb023d131c8/resourceGroups/rg-clco-demo-group-3/providers/Microsoft.Network/virtualNetworks/vn-clco-demo-group-3/subnets/sn-clco-demo-group-3-ai",
            "name": "sn-clco-demo-group-3-ai",
            "private_endpoint_network_policies": "Enabled",
            "private_endpoint_network_policies_enabled": true,
            "private_link_service_network_policies_enabled": true,
            "resource_group_name": "rg-clco-demo-group-3",
            "service_endpoint_policy_ids": [],
            "service_endpoints": [],
            "timeouts": null,
            "virtual_network_name": "vn-clco-demo-group-3"
          },
          "sensitive_attributes": [],
          "identity_schema_version": 0,
          "private": "eyJlMmJmYjczMC1lY2FhLTExZTYtOGY4OC0zNDM2M2JjN2M0YzAiOnsiY3JlYXRlIjoxODAwMDAwMDAwMDAwLCJkZWxldGUiOjE4MDAwMDAwMDAwMDAsInJlYWQiOjMwMDAwMDAwMDAwMCwidXBkYXRlIjoxODAwMDAwMDAwMDAwfX0=",
          "dependencies": [
            "azurerm_resource_group.rg",
            "azurerm_service_plan.asp",
            "azurerm_virtual_network.vn"
          ]
        }
      ]
    },
    {
      "mode": "managed",
      "type": "azurerm_subnet",
      "name": "websn",
      "provider": "provider[\"registry.terraform.io/hashicorp/azurerm\"]",
      "instances": [
        {
          "schema_version": 0,
          "attributes": {
            "address_prefixes": [
              "10.0.1.0/24"
            ],
            "default_outbound_access_enabled": true,
            "delegation": [
              {
                "name": "sn-clco-demo-group-3-web-delegation",
                "service_delegation": [
                  {
                    "actions": [
                      "Microsoft.Network/virtualNetworks/subnets/action"
                    ],
                    "name": "Microsoft.Web/serverFarms"
                  }
                ]
              }
            ],
            "enforce_private_link_endpoint_network_policies": false,
            "enforce_private_link_service_network_policies": false,
            "id": "/subscriptions/49b9ff2a-051e-43f3-8aea-1cb023d131c8/resourceGroups/rg-clco-demo-group-3/providers/Microsoft.Network/virtualNetworks/vn-clco-demo-group-3/subnets/sn-clco-demo-group-3-web",
            "name": "sn-clco-demo-group-3-web",
            "private_endpoint_network_policies": "Enabled",
            "private_endpoint_network_policies_enabled": true,
            "private_link_service_network_policies_enabled": true,
            "resource_group_name": "rg-clco-demo-group-3",
            "service_endpoint_policy_ids": [],
            "service_endpoints": [],
            "timeouts": null,
            "virtual_network_name": "vn-clco-demo-group-3"
          },
          "sensitive_attributes": [],
          "identity_schema_version": 0,
          "private": "eyJlMmJmYjczMC1lY2FhLTExZTYtOGY4OC0zNDM2M2JjN2M0YzAiOnsiY3JlYXRlIjoxODAwMDAwMDAwMDAwLCJkZWxldGUiOjE4MDAwMDAwMDAwMDAsInJlYWQiOjMwMDAwMDAwMDAwMCwidXBkYXRlIjoxODAwMDAwMDAwMDAwfX0=",
          "dependencies": [
            "azurerm_resource_group.rg",
            "azurerm_service_plan.asp",
            "azurerm_virtual_network.vn"
          ]
        }
      ]
    },
    {
      "mode": "managed",
      "type": "azurerm_virtual_network",
      "name": "vn",
      "provider": "provider[\"registry.terraform.io/hashicorp/azurerm\"]",
      "instances": [
        {
          "schema_version": 0,
          "attributes": {
            "address_space": [
              "10.0.0.0/16"
            ],
            "bgp_community": "",
            "ddos_protection_plan": [],
            "dns_servers": [],
            "edge_zone": "",
            "encryption": [],
            "flow_timeout_in_minutes": 0,
            "guid": "a52fe967-c187-410e-aaeb-a261b1342ddb",
            "id": "/subscriptions/49b9ff2a-051e-43f3-8aea-1cb023d131c8/resourceGroups/rg-clco-demo-group-3/providers/Microsoft.Network/virtualNetworks/vn-clco-demo-group-3",
            "location": "norwayeast",
            "name": "vn-clco-demo-group-3",
            "resource_group_name": "rg-clco-demo-group-3",
            "subnet": [
              {
                "address_prefix": "10.0.1.0/24",
                "id": "/subscriptions/49b9ff2a-051e-43f3-8aea-1cb023d131c8/resourceGroups/rg-clco-demo-group-3/providers/Microsoft.Network/virtualNetworks/vn-clco-demo-group-3/subnets/sn-clco-demo-group-3-web",
                "name": "sn-clco-demo-group-3-web",
                "security_group": ""
              },
              {
                "address_prefix": "10.0.2.0/24",
                "id": "/subscriptions/49b9ff2a-051e-43f3-8aea-1cb023d131c8/resourceGroups/rg-clco-demo-group-3/providers/Microsoft.Network/virtualNetworks/vn-clco-demo-group-3/subnets/sn-clco-demo-group-3-ai",
                "name": "sn-clco-demo-group-3-ai",
                "security_group": ""
              }
            ],
            "tags": {},
            "timeouts": null
          },
          "sensitive_attributes": [],
          "identity_schema_version": 0,
          "private": "eyJlMmJmYjczMC1lY2FhLTExZTYtOGY4OC0zNDM2M2JjN2M0YzAiOnsiY3JlYXRlIjoxODAwMDAwMDAwMDAwLCJkZWxldGUiOjE4MDAwMDAwMDAwMDAsInJlYWQiOjMwMDAwMDAwMDAwMCwidXBkYXRlIjoxODAwMDAwMDAwMDAwfX0=",
          "dependencies": [
            "azurerm_resource_group.rg",
            "azurerm_service_plan.asp"
          ]
        }
      ]
    }
  ],
  "check_results": null
}
